
Microsoft Visual Studio Solution File, Format Version 12.00
# Visual Studio 15
VisualStudioVersion = 15.0.26730.16
MinimumVisualStudioVersion = 10.0.40219.1
Project("{FAE04EC0-301F-11D3-BF4B-00C04F79EFBC}") = "BullsAndCowsV1", "BullsAndCowsV1\BullsAndCowsV1.csproj", "{B9FBD095-CFF6-408B-9A3D-322FED831B97}"
EndProject
Global
	GlobalSection(SolutionConfigurationPlatforms) = preSolution
		Debug|Any CPU = Debug|Any CPU
		Release|Any CPU = Release|Any CPU
	EndGlobalSection
	GlobalSection(ProjectConfigurationPlatforms) = postSolution
		{B9FBD095-CFF6-408B-9A3D-322FED831B97}.Debug|Any CPU.ActiveCfg = Debug|Any CPU
		{B9FBD095-CFF6-408B-9A3D-322FED831B97}.Debug|Any CPU.Build.0 = Debug|Any CPU
		{B9FBD095-CFF6-408B-9A3D-322FED831B97}.Release|Any CPU.ActiveCfg = Release|Any CPU
		{B9FBD095-CFF6-408B-9A3D-322FED831B97}.Release|Any CPU.Build.0 = Release|Any CPU
	EndGlobalSection
	GlobalSection(SolutionProperties) = preSolution
		HideSolutionNode = FALSE
	EndGlobalSection
	GlobalSection(ExtensibilityGlobals) = postSolution
		SolutionGuid = {BFB40924-F67F-4254-9BAA-4341678758D0}
	EndGlobalSection
EndGlobal
